// !$*UTF8*$!
{
	archiveVersion = 1;
	classes = {
	};
	objectVersion = 54;
	objects = {

/* Begin PBXBuildFile section */
		5B77295D280443B00087F582 /* ForChildrenItem.swift in Sources */ = {isa = PBXBuildFile; fileRef = 5B77295C280443B00087F582 /* ForChildrenItem.swift */; };
		B00D1B2527F9999C0073611C /* DictionaryContentView.swift in Sources */ = {isa = PBXBuildFile; fileRef = B00D1B2427F9999C0073611C /* DictionaryContentView.swift */; };
		B00D1B2727F99BEA0073611C /* AccordionHeaderView.swift in Sources */ = {isa = PBXBuildFile; fileRef = B00D1B2627F99BEA0073611C /* AccordionHeaderView.swift */; };
		B00D1B2A27F9ADF10073611C /* DictionarySection.swift in Sources */ = {isa = PBXBuildFile; fileRef = B00D1B2927F9ADF10073611C /* DictionarySection.swift */; };
		B00D1B2C27F9ADF70073611C /* Translation.swift in Sources */ = {isa = PBXBuildFile; fileRef = B00D1B2B27F9ADF70073611C /* Translation.swift */; };
		B00D1B2E27F9DEC20073611C /* WordView.swift in Sources */ = {isa = PBXBuildFile; fileRef = B00D1B2D27F9DEC20073611C /* WordView.swift */; };
		B01279A527F86957003FB72E /* MovappApp.swift in Sources */ = {isa = PBXBuildFile; fileRef = B012799527F86954003FB72E /* MovappApp.swift */; };
		B01279A727F86957003FB72E /* RootContentView.swift in Sources */ = {isa = PBXBuildFile; fileRef = B012799627F86954003FB72E /* RootContentView.swift */; };
		B01279A927F86957003FB72E /* Assets.xcassets in Resources */ = {isa = PBXBuildFile; fileRef = B012799727F86957003FB72E /* Assets.xcassets */; };
		B01279C627F870BF003FB72E /* RootItems.swift in Sources */ = {isa = PBXBuildFile; fileRef = B01279C527F870BF003FB72E /* RootItems.swift */; };
		B01279CA27F872A9003FB72E /* DicitionaryView.swift in Sources */ = {isa = PBXBuildFile; fileRef = B01279C927F872A9003FB72E /* DicitionaryView.swift */; };
		B01279D027F872C3003FB72E /* MenuView.swift in Sources */ = {isa = PBXBuildFile; fileRef = B01279CF27F872C3003FB72E /* MenuView.swift */; };
		B01279D327F872CB003FB72E /* ForChildrenView.swift in Sources */ = {isa = PBXBuildFile; fileRef = B01279D227F872CB003FB72E /* ForChildrenView.swift */; };
		B01279D627F872D2003FB72E /* AlphabetView.swift in Sources */ = {isa = PBXBuildFile; fileRef = B01279D527F872D2003FB72E /* AlphabetView.swift */; };
		B05FF14327FA14A00046D636 /* SoundService.swift in Sources */ = {isa = PBXBuildFile; fileRef = B05FF14227FA14A00046D636 /* SoundService.swift */; };
		B066546C27FB7D3C002D5EDD /* Language.swift in Sources */ = {isa = PBXBuildFile; fileRef = B066546B27FB7D3C002D5EDD /* Language.swift */; };
		B066546E27FB7E0C002D5EDD /* SetLanguage.swift in Sources */ = {isa = PBXBuildFile; fileRef = B066546D27FB7E0C002D5EDD /* SetLanguage.swift */; };
		B068833327FF903000E6B831 /* Dictionary.swift in Sources */ = {isa = PBXBuildFile; fileRef = B068833227FF903000E6B831 /* Dictionary.swift */; };
		B068833627FF92E300E6B831 /* DictionaryDataStore.swift in Sources */ = {isa = PBXBuildFile; fileRef = B068833527FF92E300E6B831 /* DictionaryDataStore.swift */; };
		B087C88927F8A3BD0015E54B /* Localizable.strings in Resources */ = {isa = PBXBuildFile; fileRef = B087C88727F8A3BD0015E54B /* Localizable.strings */; };
		B087C88F27F8B4080015E54B /* AccordionView.swift in Sources */ = {isa = PBXBuildFile; fileRef = B087C88E27F8B4080015E54B /* AccordionView.swift */; };
		B087C89127F8B41B0015E54B /* TranslationView.swift in Sources */ = {isa = PBXBuildFile; fileRef = B087C89027F8B41B0015E54B /* TranslationView.swift */; };
		B087C89327F8B4610015E54B /* AccordionsView.swift in Sources */ = {isa = PBXBuildFile; fileRef = B087C89227F8B4610015E54B /* AccordionsView.swift */; };
		B087C89527F8B46A0015E54B /* TranslationsView.swift in Sources */ = {isa = PBXBuildFile; fileRef = B087C89427F8B46A0015E54B /* TranslationsView.swift */; };
		B0C9F40A27FCBF5500B075EB /* Launch Screen.storyboard in Resources */ = {isa = PBXBuildFile; fileRef = B0C9F40927FCBF5500B075EB /* Launch Screen.storyboard */; };
		B0E140DC27FCCF2F008BBBB4 /* TranslationMatchService.swift in Sources */ = {isa = PBXBuildFile; fileRef = B0E140DB27FCCF2F008BBBB4 /* TranslationMatchService.swift */; };
		B0E140DF27FCD2E5008BBBB4 /* String+Levenshtein.swift in Sources */ = {isa = PBXBuildFile; fileRef = B0E140DE27FCD2E5008BBBB4 /* String+Levenshtein.swift */; };
		B0E140E127FCE1DD008BBBB4 /* TranslationFavoritesService.swift in Sources */ = {isa = PBXBuildFile; fileRef = B0E140E027FCE1DD008BBBB4 /* TranslationFavoritesService.swift */; };
		B0E140E327FCE24F008BBBB4 /* DictionaryHeaderView.swift in Sources */ = {isa = PBXBuildFile; fileRef = B0E140E227FCE24F008BBBB4 /* DictionaryHeaderView.swift */; };
		B0ECC1402802FC6F00BF9898 /* AlphabetItemView.swift in Sources */ = {isa = PBXBuildFile; fileRef = B0ECC13F2802FC6F00BF9898 /* AlphabetItemView.swift */; };
		B0ECC1422802FD3C00BF9898 /* AlphabetDataStore.swift in Sources */ = {isa = PBXBuildFile; fileRef = B0ECC1412802FD3C00BF9898 /* AlphabetDataStore.swift */; };
		B0ECC1442802FDCC00BF9898 /* Alphabet.swift in Sources */ = {isa = PBXBuildFile; fileRef = B0ECC1432802FDCC00BF9898 /* Alphabet.swift */; };
		B0ECC1462802FDD200BF9898 /* AlphabetItem.swift in Sources */ = {isa = PBXBuildFile; fileRef = B0ECC1452802FDD200BF9898 /* AlphabetItem.swift */; };
		B0ECC1482802FF2500BF9898 /* AlphabetExample.swift in Sources */ = {isa = PBXBuildFile; fileRef = B0ECC1472802FF2500BF9898 /* AlphabetExample.swift */; };
		B0ECC14C2803431A00BF9898 /* Bundle+version.swift in Sources */ = {isa = PBXBuildFile; fileRef = B0ECC14B2803431A00BF9898 /* Bundle+version.swift */; };
		B0ECC1502803485B00BF9898 /* AlphabetShortcutsView.swift in Sources */ = {isa = PBXBuildFile; fileRef = B0ECC14F2803485B00BF9898 /* AlphabetShortcutsView.swift */; };
/* End PBXBuildFile section */

/* Begin PBXFileReference section */
		5B77295C280443B00087F582 /* ForChildrenItem.swift */ = {isa = PBXFileReference; lastKnownFileType = sourcecode.swift; path = ForChildrenItem.swift; sourceTree = "<group>"; };
		B00D1B2427F9999C0073611C /* DictionaryContentView.swift */ = {isa = PBXFileReference; lastKnownFileType = sourcecode.swift; path = DictionaryContentView.swift; sourceTree = "<group>"; };
		B00D1B2627F99BEA0073611C /* AccordionHeaderView.swift */ = {isa = PBXFileReference; lastKnownFileType = sourcecode.swift; path = AccordionHeaderView.swift; sourceTree = "<group>"; };
		B00D1B2927F9ADF10073611C /* DictionarySection.swift */ = {isa = PBXFileReference; lastKnownFileType = sourcecode.swift; path = DictionarySection.swift; sourceTree = "<group>"; };
		B00D1B2B27F9ADF70073611C /* Translation.swift */ = {isa = PBXFileReference; lastKnownFileType = sourcecode.swift; path = Translation.swift; sourceTree = "<group>"; };
		B00D1B2D27F9DEC20073611C /* WordView.swift */ = {isa = PBXFileReference; lastKnownFileType = sourcecode.swift; path = WordView.swift; sourceTree = "<group>"; };
		B012799527F86954003FB72E /* MovappApp.swift */ = {isa = PBXFileReference; lastKnownFileType = sourcecode.swift; path = MovappApp.swift; sourceTree = "<group>"; };
		B012799627F86954003FB72E /* RootContentView.swift */ = {isa = PBXFileReference; lastKnownFileType = sourcecode.swift; path = RootContentView.swift; sourceTree = "<group>"; };
		B012799727F86957003FB72E /* Assets.xcassets */ = {isa = PBXFileReference; lastKnownFileType = folder.assetcatalog; path = Assets.xcassets; sourceTree = "<group>"; };
		B012799C27F86957003FB72E /* Movapp.app */ = {isa = PBXFileReference; explicitFileType = wrapper.application; includeInIndex = 0; path = Movapp.app; sourceTree = BUILT_PRODUCTS_DIR; };
		B01279A427F86957003FB72E /* macOS.entitlements */ = {isa = PBXFileReference; lastKnownFileType = text.plist.entitlements; path = macOS.entitlements; sourceTree = "<group>"; };
		B01279C527F870BF003FB72E /* RootItems.swift */ = {isa = PBXFileReference; lastKnownFileType = sourcecode.swift; path = RootItems.swift; sourceTree = "<group>"; };
		B01279C927F872A9003FB72E /* DicitionaryView.swift */ = {isa = PBXFileReference; lastKnownFileType = sourcecode.swift; path = DicitionaryView.swift; sourceTree = "<group>"; };
		B01279CF27F872C3003FB72E /* MenuView.swift */ = {isa = PBXFileReference; lastKnownFileType = sourcecode.swift; path = MenuView.swift; sourceTree = "<group>"; };
		B01279D227F872CB003FB72E /* ForChildrenView.swift */ = {isa = PBXFileReference; lastKnownFileType = sourcecode.swift; path = ForChildrenView.swift; sourceTree = "<group>"; };
		B01279D527F872D2003FB72E /* AlphabetView.swift */ = {isa = PBXFileReference; lastKnownFileType = sourcecode.swift; path = AlphabetView.swift; sourceTree = "<group>"; };
		B05FF13D27F9F19F0046D636 /* cs */ = {isa = PBXFileReference; lastKnownFileType = text.plist.strings; name = cs; path = cs.lproj/Localizable.strings; sourceTree = "<group>"; };
		B05FF14227FA14A00046D636 /* SoundService.swift */ = {isa = PBXFileReference; lastKnownFileType = sourcecode.swift; path = SoundService.swift; sourceTree = "<group>"; };
		B05FF14427FA28440046D636 /* Movapp--iOS--Info.plist */ = {isa = PBXFileReference; fileEncoding = 4; lastKnownFileType = text.plist.xml; path = "Movapp--iOS--Info.plist"; sourceTree = "<group>"; };
		B066546627FB7222002D5EDD /* LICENSE */ = {isa = PBXFileReference; lastKnownFileType = text; path = LICENSE; sourceTree = "<group>"; };
		B066546827FB7222002D5EDD /* README.md */ = {isa = PBXFileReference; lastKnownFileType = net.daringfireball.markdown; path = README.md; sourceTree = "<group>"; };
		B066546B27FB7D3C002D5EDD /* Language.swift */ = {isa = PBXFileReference; lastKnownFileType = sourcecode.swift; path = Language.swift; sourceTree = "<group>"; };
		B066546D27FB7E0C002D5EDD /* SetLanguage.swift */ = {isa = PBXFileReference; lastKnownFileType = sourcecode.swift; path = SetLanguage.swift; sourceTree = "<group>"; };
		B068833227FF903000E6B831 /* Dictionary.swift */ = {isa = PBXFileReference; lastKnownFileType = sourcecode.swift; path = Dictionary.swift; sourceTree = "<group>"; };
		B068833527FF92E300E6B831 /* DictionaryDataStore.swift */ = {isa = PBXFileReference; fileEncoding = 4; lastKnownFileType = sourcecode.swift; path = DictionaryDataStore.swift; sourceTree = "<group>"; };
		B087C88827F8A3BD0015E54B /* en */ = {isa = PBXFileReference; lastKnownFileType = text.plist.strings; name = en; path = en.lproj/Localizable.strings; sourceTree = "<group>"; };
		B087C88E27F8B4080015E54B /* AccordionView.swift */ = {isa = PBXFileReference; lastKnownFileType = sourcecode.swift; path = AccordionView.swift; sourceTree = "<group>"; };
		B087C89027F8B41B0015E54B /* TranslationView.swift */ = {isa = PBXFileReference; lastKnownFileType = sourcecode.swift; path = TranslationView.swift; sourceTree = "<group>"; };
		B087C89227F8B4610015E54B /* AccordionsView.swift */ = {isa = PBXFileReference; lastKnownFileType = sourcecode.swift; path = AccordionsView.swift; sourceTree = "<group>"; };
		B087C89427F8B46A0015E54B /* TranslationsView.swift */ = {isa = PBXFileReference; lastKnownFileType = sourcecode.swift; path = TranslationsView.swift; sourceTree = "<group>"; };
		B0C9F40927FCBF5500B075EB /* Launch Screen.storyboard */ = {isa = PBXFileReference; lastKnownFileType = file.storyboard; path = "Launch Screen.storyboard"; sourceTree = "<group>"; };
		B0E140DB27FCCF2F008BBBB4 /* TranslationMatchService.swift */ = {isa = PBXFileReference; lastKnownFileType = sourcecode.swift; path = TranslationMatchService.swift; sourceTree = "<group>"; };
		B0E140DE27FCD2E5008BBBB4 /* String+Levenshtein.swift */ = {isa = PBXFileReference; lastKnownFileType = sourcecode.swift; path = "String+Levenshtein.swift"; sourceTree = "<group>"; };
		B0E140E027FCE1DD008BBBB4 /* TranslationFavoritesService.swift */ = {isa = PBXFileReference; lastKnownFileType = sourcecode.swift; path = TranslationFavoritesService.swift; sourceTree = "<group>"; };
		B0E140E227FCE24F008BBBB4 /* DictionaryHeaderView.swift */ = {isa = PBXFileReference; lastKnownFileType = sourcecode.swift; path = DictionaryHeaderView.swift; sourceTree = "<group>"; };
		B0ECC13F2802FC6F00BF9898 /* AlphabetItemView.swift */ = {isa = PBXFileReference; lastKnownFileType = sourcecode.swift; path = AlphabetItemView.swift; sourceTree = "<group>"; };
		B0ECC1412802FD3C00BF9898 /* AlphabetDataStore.swift */ = {isa = PBXFileReference; lastKnownFileType = sourcecode.swift; path = AlphabetDataStore.swift; sourceTree = "<group>"; };
		B0ECC1432802FDCC00BF9898 /* Alphabet.swift */ = {isa = PBXFileReference; lastKnownFileType = sourcecode.swift; path = Alphabet.swift; sourceTree = "<group>"; };
		B0ECC1452802FDD200BF9898 /* AlphabetItem.swift */ = {isa = PBXFileReference; lastKnownFileType = sourcecode.swift; path = AlphabetItem.swift; sourceTree = "<group>"; };
		B0ECC1472802FF2500BF9898 /* AlphabetExample.swift */ = {isa = PBXFileReference; lastKnownFileType = sourcecode.swift; path = AlphabetExample.swift; sourceTree = "<group>"; };
		B0ECC14928033A8F00BF9898 /* CONTRIBUTING.md */ = {isa = PBXFileReference; lastKnownFileType = net.daringfireball.markdown; path = CONTRIBUTING.md; sourceTree = "<group>"; };
		B0ECC14A28033A9E00BF9898 /* CHANGELOG.md */ = {isa = PBXFileReference; lastKnownFileType = net.daringfireball.markdown; path = CHANGELOG.md; sourceTree = "<group>"; };
		B0ECC14B2803431A00BF9898 /* Bundle+version.swift */ = {isa = PBXFileReference; lastKnownFileType = sourcecode.swift; path = "Bundle+version.swift"; sourceTree = "<group>"; };
		B0ECC14F2803485B00BF9898 /* AlphabetShortcutsView.swift */ = {isa = PBXFileReference; lastKnownFileType = sourcecode.swift; path = AlphabetShortcutsView.swift; sourceTree = "<group>"; };
/* End PBXFileReference section */

/* Begin PBXFrameworksBuildPhase section */
		B012799927F86957003FB72E /* Frameworks */ = {
			isa = PBXFrameworksBuildPhase;
			buildActionMask = 2147483647;
			files = (
			);
			runOnlyForDeploymentPostprocessing = 0;
		};
/* End PBXFrameworksBuildPhase section */

/* Begin PBXGroup section */
		B00D1B2827F9ADE30073611C /* Models */ = {
			isa = PBXGroup;
			children = (
				B00D1B2927F9ADF10073611C /* DictionarySection.swift */,
				B00D1B2B27F9ADF70073611C /* Translation.swift */,
				B066546B27FB7D3C002D5EDD /* Language.swift */,
				B066546D27FB7E0C002D5EDD /* SetLanguage.swift */,
				B068833227FF903000E6B831 /* Dictionary.swift */,
				B0ECC1432802FDCC00BF9898 /* Alphabet.swift */,
				B0ECC1472802FF2500BF9898 /* AlphabetExample.swift */,
				B0ECC1452802FDD200BF9898 /* AlphabetItem.swift */,
			);
			path = Models;
			sourceTree = "<group>";
		};
		B012798F27F86954003FB72E = {
			isa = PBXGroup;
			children = (
				B05FF14427FA28440046D636 /* Movapp--iOS--Info.plist */,
				B066546A27FB7230002D5EDD /* Docs */,
				B012799427F86954003FB72E /* Shared */,
				B01279A327F86957003FB72E /* macOS */,
				B012799D27F86957003FB72E /* Products */,
				B01279E027F88504003FB72E /* Frameworks */,
			);
			sourceTree = "<group>";
		};
		B012799427F86954003FB72E /* Shared */ = {
			isa = PBXGroup;
			children = (
				B068833427FF92B700E6B831 /* Stores */,
				B0E140DD27FCD2D5008BBBB4 /* Extensions */,
				B05FF14127FA14950046D636 /* Services */,
				B00D1B2827F9ADE30073611C /* Models */,
				B087C87E27F8A1F20015E54B /* Resources */,
				B01279CE27F872BB003FB72E /* Menu */,
				B01279CD27F872B4003FB72E /* ForChildren */,
				B01279CC27F872AC003FB72E /* Alphabet */,
				B01279C827F8729C003FB72E /* Dicitionary */,
				B01279C427F87086003FB72E /* Root */,
				B012799527F86954003FB72E /* MovappApp.swift */,
				B0C9F40927FCBF5500B075EB /* Launch Screen.storyboard */,
				B012799727F86957003FB72E /* Assets.xcassets */,
			);
			path = Shared;
			sourceTree = "<group>";
		};
		B012799D27F86957003FB72E /* Products */ = {
			isa = PBXGroup;
			children = (
				B012799C27F86957003FB72E /* Movapp.app */,
			);
			name = Products;
			sourceTree = "<group>";
		};
		B01279A327F86957003FB72E /* macOS */ = {
			isa = PBXGroup;
			children = (
				B01279A427F86957003FB72E /* macOS.entitlements */,
			);
			path = macOS;
			sourceTree = "<group>";
		};
		B01279C427F87086003FB72E /* Root */ = {
			isa = PBXGroup;
			children = (
				B012799627F86954003FB72E /* RootContentView.swift */,
				B01279C527F870BF003FB72E /* RootItems.swift */,
			);
			path = Root;
			sourceTree = "<group>";
		};
		B01279C827F8729C003FB72E /* Dicitionary */ = {
			isa = PBXGroup;
			children = (
				B01279C927F872A9003FB72E /* DicitionaryView.swift */,
				B0E140E227FCE24F008BBBB4 /* DictionaryHeaderView.swift */,
				B00D1B2427F9999C0073611C /* DictionaryContentView.swift */,
				B00D1B2627F99BEA0073611C /* AccordionHeaderView.swift */,
				B087C88E27F8B4080015E54B /* AccordionView.swift */,
				B087C89227F8B4610015E54B /* AccordionsView.swift */,
				B087C89027F8B41B0015E54B /* TranslationView.swift */,
				B087C89427F8B46A0015E54B /* TranslationsView.swift */,
				B00D1B2D27F9DEC20073611C /* WordView.swift */,
			);
			path = Dicitionary;
			sourceTree = "<group>";
		};
		B01279CC27F872AC003FB72E /* Alphabet */ = {
			isa = PBXGroup;
			children = (
				B01279D527F872D2003FB72E /* AlphabetView.swift */,
				B0ECC13F2802FC6F00BF9898 /* AlphabetItemView.swift */,
				B0ECC14F2803485B00BF9898 /* AlphabetShortcutsView.swift */,
			);
			path = Alphabet;
			sourceTree = "<group>";
		};
		B01279CD27F872B4003FB72E /* ForChildren */ = {
			isa = PBXGroup;
			children = (
				B01279D227F872CB003FB72E /* ForChildrenView.swift */,
				5B77295C280443B00087F582 /* ForChildrenItem.swift */,
			);
			path = ForChildren;
			sourceTree = "<group>";
		};
		B01279CE27F872BB003FB72E /* Menu */ = {
			isa = PBXGroup;
			children = (
				B01279CF27F872C3003FB72E /* MenuView.swift */,
			);
			path = Menu;
			sourceTree = "<group>";
		};
		B01279E027F88504003FB72E /* Frameworks */ = {
			isa = PBXGroup;
			children = (
			);
			name = Frameworks;
			sourceTree = "<group>";
		};
		B05FF14127FA14950046D636 /* Services */ = {
			isa = PBXGroup;
			children = (
				B05FF14227FA14A00046D636 /* SoundService.swift */,
				B0E140DB27FCCF2F008BBBB4 /* TranslationMatchService.swift */,
				B0E140E027FCE1DD008BBBB4 /* TranslationFavoritesService.swift */,
			);
			path = Services;
			sourceTree = "<group>";
		};
		B066546A27FB7230002D5EDD /* Docs */ = {
			isa = PBXGroup;
			children = (
				B0ECC14A28033A9E00BF9898 /* CHANGELOG.md */,
				B0ECC14928033A8F00BF9898 /* CONTRIBUTING.md */,
				B066546627FB7222002D5EDD /* LICENSE */,
				B066546827FB7222002D5EDD /* README.md */,
			);
			name = Docs;
			sourceTree = "<group>";
		};
		B068833427FF92B700E6B831 /* Stores */ = {
			isa = PBXGroup;
			children = (
				B068833527FF92E300E6B831 /* DictionaryDataStore.swift */,
				B0ECC1412802FD3C00BF9898 /* AlphabetDataStore.swift */,
			);
			path = Stores;
			sourceTree = "<group>";
		};
		B087C87E27F8A1F20015E54B /* Resources */ = {
			isa = PBXGroup;
			children = (
				B087C88727F8A3BD0015E54B /* Localizable.strings */,
			);
			path = Resources;
			sourceTree = "<group>";
		};
		B0E140DD27FCD2D5008BBBB4 /* Extensions */ = {
			isa = PBXGroup;
			children = (
				B0E140DE27FCD2E5008BBBB4 /* String+Levenshtein.swift */,
				B0ECC14B2803431A00BF9898 /* Bundle+version.swift */,
			);
			path = Extensions;
			sourceTree = "<group>";
		};
/* End PBXGroup section */

/* Begin PBXNativeTarget section */
		B012799B27F86957003FB72E /* Movapp (iOS) */ = {
			isa = PBXNativeTarget;
			buildConfigurationList = B01279AD27F86957003FB72E /* Build configuration list for PBXNativeTarget "Movapp (iOS)" */;
			buildPhases = (
				B012799827F86957003FB72E /* Sources */,
				B012799927F86957003FB72E /* Frameworks */,
				B012799A27F86957003FB72E /* Resources */,
			);
			buildRules = (
			);
			dependencies = (
			);
			name = "Movapp (iOS)";
			productName = "Movapp (iOS)";
			productReference = B012799C27F86957003FB72E /* Movapp.app */;
			productType = "com.apple.product-type.application";
		};
/* End PBXNativeTarget section */

/* Begin PBXProject section */
		B012799027F86954003FB72E /* Project object */ = {
			isa = PBXProject;
			attributes = {
				BuildIndependentTargetsInParallel = 1;
				LastSwiftUpdateCheck = 1330;
				LastUpgradeCheck = 1330;
				TargetAttributes = {
					B012799B27F86957003FB72E = {
						CreatedOnToolsVersion = 13.3;
					};
				};
			};
			buildConfigurationList = B012799327F86954003FB72E /* Build configuration list for PBXProject "Movapp" */;
			compatibilityVersion = "Xcode 12.0";
			developmentRegion = en;
			hasScannedForEncodings = 0;
			knownRegions = (
				en,
				uk,
				cs,
				Base,
			);
			mainGroup = B012798F27F86954003FB72E;
			productRefGroup = B012799D27F86957003FB72E /* Products */;
			projectDirPath = "";
			projectRoot = "";
			targets = (
				B012799B27F86957003FB72E /* Movapp (iOS) */,
			);
		};
/* End PBXProject section */

/* Begin PBXResourcesBuildPhase section */
		B012799A27F86957003FB72E /* Resources */ = {
			isa = PBXResourcesBuildPhase;
			buildActionMask = 2147483647;
			files = (
				B0C9F40A27FCBF5500B075EB /* Launch Screen.storyboard in Resources */,
				B01279A927F86957003FB72E /* Assets.xcassets in Resources */,
				B087C88927F8A3BD0015E54B /* Localizable.strings in Resources */,
			);
			runOnlyForDeploymentPostprocessing = 0;
		};
/* End PBXResourcesBuildPhase section */

/* Begin PBXSourcesBuildPhase section */
		B012799827F86957003FB72E /* Sources */ = {
			isa = PBXSourcesBuildPhase;
			buildActionMask = 2147483647;
			files = (
				B0ECC1462802FDD200BF9898 /* AlphabetItem.swift in Sources */,
				B0ECC1502803485B00BF9898 /* AlphabetShortcutsView.swift in Sources */,
				B01279D027F872C3003FB72E /* MenuView.swift in Sources */,
				B01279A727F86957003FB72E /* RootContentView.swift in Sources */,
				B087C89527F8B46A0015E54B /* TranslationsView.swift in Sources */,
				B087C89327F8B4610015E54B /* AccordionsView.swift in Sources */,
				B0ECC1402802FC6F00BF9898 /* AlphabetItemView.swift in Sources */,
				B087C88F27F8B4080015E54B /* AccordionView.swift in Sources */,
				B066546C27FB7D3C002D5EDD /* Language.swift in Sources */,
				B068833627FF92E300E6B831 /* DictionaryDataStore.swift in Sources */,
				B066546E27FB7E0C002D5EDD /* SetLanguage.swift in Sources */,
				B00D1B2527F9999C0073611C /* DictionaryContentView.swift in Sources */,
				B00D1B2727F99BEA0073611C /* AccordionHeaderView.swift in Sources */,
				5B77295D280443B00087F582 /* ForChildrenItem.swift in Sources */,
				B01279A527F86957003FB72E /* MovappApp.swift in Sources */,
				B0ECC1482802FF2500BF9898 /* AlphabetExample.swift in Sources */,
				B01279CA27F872A9003FB72E /* DicitionaryView.swift in Sources */,
				B0ECC14C2803431A00BF9898 /* Bundle+version.swift in Sources */,
				B0E140E327FCE24F008BBBB4 /* DictionaryHeaderView.swift in Sources */,
				B05FF14327FA14A00046D636 /* SoundService.swift in Sources */,
				B0E140DF27FCD2E5008BBBB4 /* String+Levenshtein.swift in Sources */,
				B00D1B2C27F9ADF70073611C /* Translation.swift in Sources */,
				B01279C627F870BF003FB72E /* RootItems.swift in Sources */,
				B0ECC1442802FDCC00BF9898 /* Alphabet.swift in Sources */,
				B0E140E127FCE1DD008BBBB4 /* TranslationFavoritesService.swift in Sources */,
				B01279D627F872D2003FB72E /* AlphabetView.swift in Sources */,
				B0E140DC27FCCF2F008BBBB4 /* TranslationMatchService.swift in Sources */,
				B00D1B2E27F9DEC20073611C /* WordView.swift in Sources */,
				B068833327FF903000E6B831 /* Dictionary.swift in Sources */,
				B00D1B2A27F9ADF10073611C /* DictionarySection.swift in Sources */,
				B087C89127F8B41B0015E54B /* TranslationView.swift in Sources */,
				B01279D327F872CB003FB72E /* ForChildrenView.swift in Sources */,
				B0ECC1422802FD3C00BF9898 /* AlphabetDataStore.swift in Sources */,
			);
			runOnlyForDeploymentPostprocessing = 0;
		};
/* End PBXSourcesBuildPhase section */

/* Begin PBXVariantGroup section */
		B087C88727F8A3BD0015E54B /* Localizable.strings */ = {
			isa = PBXVariantGroup;
			children = (
				B087C88827F8A3BD0015E54B /* en */,
				B05FF13D27F9F19F0046D636 /* cs */,
			);
			name = Localizable.strings;
			sourceTree = "<group>";
		};
/* End PBXVariantGroup section */

/* Begin XCBuildConfiguration section */
		B01279AB27F86957003FB72E /* Debug */ = {
			isa = XCBuildConfiguration;
			buildSettings = {
				ALWAYS_SEARCH_USER_PATHS = NO;
				CLANG_ANALYZER_LOCALIZABILITY_NONLOCALIZED = YES;
				CLANG_ANALYZER_NONNULL = YES;
				CLANG_ANALYZER_NUMBER_OBJECT_CONVERSION = YES_AGGRESSIVE;
				CLANG_CXX_LANGUAGE_STANDARD = "gnu++17";
				CLANG_ENABLE_MODULES = YES;
				CLANG_ENABLE_OBJC_ARC = YES;
				CLANG_ENABLE_OBJC_WEAK = YES;
				CLANG_WARN_BLOCK_CAPTURE_AUTORELEASING = YES;
				CLANG_WARN_BOOL_CONVERSION = YES;
				CLANG_WARN_COMMA = YES;
				CLANG_WARN_CONSTANT_CONVERSION = YES;
				CLANG_WARN_DEPRECATED_OBJC_IMPLEMENTATIONS = YES;
				CLANG_WARN_DIRECT_OBJC_ISA_USAGE = YES_ERROR;
				CLANG_WARN_DOCUMENTATION_COMMENTS = YES;
				CLANG_WARN_EMPTY_BODY = YES;
				CLANG_WARN_ENUM_CONVERSION = YES;
				CLANG_WARN_INFINITE_RECURSION = YES;
				CLANG_WARN_INT_CONVERSION = YES;
				CLANG_WARN_NON_LITERAL_NULL_CONVERSION = YES;
				CLANG_WARN_OBJC_IMPLICIT_RETAIN_SELF = YES;
				CLANG_WARN_OBJC_LITERAL_CONVERSION = YES;
				CLANG_WARN_OBJC_ROOT_CLASS = YES_ERROR;
				CLANG_WARN_QUOTED_INCLUDE_IN_FRAMEWORK_HEADER = YES;
				CLANG_WARN_RANGE_LOOP_ANALYSIS = YES;
				CLANG_WARN_STRICT_PROTOTYPES = YES;
				CLANG_WARN_SUSPICIOUS_MOVE = YES;
				CLANG_WARN_UNGUARDED_AVAILABILITY = YES_AGGRESSIVE;
				CLANG_WARN_UNREACHABLE_CODE = YES;
				CLANG_WARN__DUPLICATE_METHOD_MATCH = YES;
				COPY_PHASE_STRIP = NO;
				DEBUG_INFORMATION_FORMAT = dwarf;
				ENABLE_STRICT_OBJC_MSGSEND = YES;
				ENABLE_TESTABILITY = YES;
				GCC_C_LANGUAGE_STANDARD = gnu11;
				GCC_DYNAMIC_NO_PIC = NO;
				GCC_NO_COMMON_BLOCKS = YES;
				GCC_OPTIMIZATION_LEVEL = 0;
				GCC_PREPROCESSOR_DEFINITIONS = (
					"DEBUG=1",
					"$(inherited)",
				);
				GCC_WARN_64_TO_32_BIT_CONVERSION = YES;
				GCC_WARN_ABOUT_RETURN_TYPE = YES_ERROR;
				GCC_WARN_UNDECLARED_SELECTOR = YES;
				GCC_WARN_UNINITIALIZED_AUTOS = YES_AGGRESSIVE;
				GCC_WARN_UNUSED_FUNCTION = YES;
				GCC_WARN_UNUSED_VARIABLE = YES;
				MTL_ENABLE_DEBUG_INFO = INCLUDE_SOURCE;
				MTL_FAST_MATH = YES;
				ONLY_ACTIVE_ARCH = YES;
				SWIFT_ACTIVE_COMPILATION_CONDITIONS = DEBUG;
				SWIFT_OPTIMIZATION_LEVEL = "-Onone";
			};
			name = Debug;
		};
		B01279AC27F86957003FB72E /* Release */ = {
			isa = XCBuildConfiguration;
			buildSettings = {
				ALWAYS_SEARCH_USER_PATHS = NO;
				CLANG_ANALYZER_LOCALIZABILITY_NONLOCALIZED = YES;
				CLANG_ANALYZER_NONNULL = YES;
				CLANG_ANALYZER_NUMBER_OBJECT_CONVERSION = YES_AGGRESSIVE;
				CLANG_CXX_LANGUAGE_STANDARD = "gnu++17";
				CLANG_ENABLE_MODULES = YES;
				CLANG_ENABLE_OBJC_ARC = YES;
				CLANG_ENABLE_OBJC_WEAK = YES;
				CLANG_WARN_BLOCK_CAPTURE_AUTORELEASING = YES;
				CLANG_WARN_BOOL_CONVERSION = YES;
				CLANG_WARN_COMMA = YES;
				CLANG_WARN_CONSTANT_CONVERSION = YES;
				CLANG_WARN_DEPRECATED_OBJC_IMPLEMENTATIONS = YES;
				CLANG_WARN_DIRECT_OBJC_ISA_USAGE = YES_ERROR;
				CLANG_WARN_DOCUMENTATION_COMMENTS = YES;
				CLANG_WARN_EMPTY_BODY = YES;
				CLANG_WARN_ENUM_CONVERSION = YES;
				CLANG_WARN_INFINITE_RECURSION = YES;
				CLANG_WARN_INT_CONVERSION = YES;
				CLANG_WARN_NON_LITERAL_NULL_CONVERSION = YES;
				CLANG_WARN_OBJC_IMPLICIT_RETAIN_SELF = YES;
				CLANG_WARN_OBJC_LITERAL_CONVERSION = YES;
				CLANG_WARN_OBJC_ROOT_CLASS = YES_ERROR;
				CLANG_WARN_QUOTED_INCLUDE_IN_FRAMEWORK_HEADER = YES;
				CLANG_WARN_RANGE_LOOP_ANALYSIS = YES;
				CLANG_WARN_STRICT_PROTOTYPES = YES;
				CLANG_WARN_SUSPICIOUS_MOVE = YES;
				CLANG_WARN_UNGUARDED_AVAILABILITY = YES_AGGRESSIVE;
				CLANG_WARN_UNREACHABLE_CODE = YES;
				CLANG_WARN__DUPLICATE_METHOD_MATCH = YES;
				COPY_PHASE_STRIP = NO;
				DEBUG_INFORMATION_FORMAT = "dwarf-with-dsym";
				ENABLE_NS_ASSERTIONS = NO;
				ENABLE_STRICT_OBJC_MSGSEND = YES;
				GCC_C_LANGUAGE_STANDARD = gnu11;
				GCC_NO_COMMON_BLOCKS = YES;
				GCC_WARN_64_TO_32_BIT_CONVERSION = YES;
				GCC_WARN_ABOUT_RETURN_TYPE = YES_ERROR;
				GCC_WARN_UNDECLARED_SELECTOR = YES;
				GCC_WARN_UNINITIALIZED_AUTOS = YES_AGGRESSIVE;
				GCC_WARN_UNUSED_FUNCTION = YES;
				GCC_WARN_UNUSED_VARIABLE = YES;
				MTL_ENABLE_DEBUG_INFO = NO;
				MTL_FAST_MATH = YES;
				SWIFT_COMPILATION_MODE = wholemodule;
				SWIFT_OPTIMIZATION_LEVEL = "-O";
			};
			name = Release;
		};
		B01279AE27F86957003FB72E /* Debug */ = {
			isa = XCBuildConfiguration;
			buildSettings = {
				ASSETCATALOG_COMPILER_APPICON_NAME = AppIcon;
				ASSETCATALOG_COMPILER_GLOBAL_ACCENT_COLOR_NAME = AccentColor;
				ASSETCATALOG_COMPILER_INCLUDE_ALL_APPICON_ASSETS = NO;
				CODE_SIGN_STYLE = Manual;
				CURRENT_PROJECT_VERSION = 1;
				DEVELOPMENT_TEAM = 8495ZSK6A6;
				ENABLE_PREVIEWS = YES;
				GENERATE_INFOPLIST_FILE = YES;
				INFOPLIST_FILE = "Movapp--iOS--Info.plist";
				INFOPLIST_KEY_UIApplicationSceneManifest_Generation = YES;
				INFOPLIST_KEY_UIApplicationSupportsIndirectInputEvents = YES;
				INFOPLIST_KEY_UILaunchStoryboardName = "Launch Screen";
				INFOPLIST_KEY_UISupportedInterfaceOrientations_iPad = "UIInterfaceOrientationPortrait UIInterfaceOrientationPortraitUpsideDown UIInterfaceOrientationLandscapeLeft UIInterfaceOrientationLandscapeRight";
				INFOPLIST_KEY_UISupportedInterfaceOrientations_iPhone = "UIInterfaceOrientationPortrait UIInterfaceOrientationLandscapeLeft UIInterfaceOrientationLandscapeRight";
				INFOPLIST_KEY_UIUserInterfaceStyle = Light;
				IPHONEOS_DEPLOYMENT_TARGET = 15.0;
				LD_RUNPATH_SEARCH_PATHS = (
					"$(inherited)",
					"@executable_path/Frameworks",
				);
				MARKETING_VERSION = 1.0.2;
				PRODUCT_BUNDLE_IDENTIFIER = cz.movapp.app;
				PRODUCT_NAME = Movapp;
				PROVISIONING_PROFILE_SPECIFIER = "match Development cz.movapp.app";
				SDKROOT = iphoneos;
				SWIFT_EMIT_LOC_STRINGS = YES;
				SWIFT_VERSION = 5.0;
				TARGETED_DEVICE_FAMILY = "1,2";
			};
			name = Debug;
		};
		B01279AF27F86957003FB72E /* Release */ = {
			isa = XCBuildConfiguration;
			buildSettings = {
				ASSETCATALOG_COMPILER_APPICON_NAME = AppIcon;
				ASSETCATALOG_COMPILER_GLOBAL_ACCENT_COLOR_NAME = AccentColor;
				ASSETCATALOG_COMPILER_INCLUDE_ALL_APPICON_ASSETS = NO;
				CODE_SIGN_IDENTITY = "Apple Distribution";
				CODE_SIGN_STYLE = Manual;
				CURRENT_PROJECT_VERSION = 1;
				DEVELOPMENT_TEAM = 8495ZSK6A6;
				ENABLE_PREVIEWS = YES;
				GENERATE_INFOPLIST_FILE = YES;
				INFOPLIST_FILE = "Movapp--iOS--Info.plist";
				INFOPLIST_KEY_UIApplicationSceneManifest_Generation = YES;
				INFOPLIST_KEY_UIApplicationSupportsIndirectInputEvents = YES;
				INFOPLIST_KEY_UILaunchStoryboardName = "Launch Screen";
				INFOPLIST_KEY_UISupportedInterfaceOrientations_iPad = "UIInterfaceOrientationPortrait UIInterfaceOrientationPortraitUpsideDown UIInterfaceOrientationLandscapeLeft UIInterfaceOrientationLandscapeRight";
				INFOPLIST_KEY_UISupportedInterfaceOrientations_iPhone = "UIInterfaceOrientationPortrait UIInterfaceOrientationLandscapeLeft UIInterfaceOrientationLandscapeRight";
				INFOPLIST_KEY_UIUserInterfaceStyle = Light;
				IPHONEOS_DEPLOYMENT_TARGET = 15.0;
				LD_RUNPATH_SEARCH_PATHS = (
					"$(inherited)",
					"@executable_path/Frameworks",
				);
				MARKETING_VERSION = 1.0.2;
				PRODUCT_BUNDLE_IDENTIFIER = cz.movapp.app;
				PRODUCT_NAME = Movapp;
				PROVISIONING_PROFILE_SPECIFIER = "match AppStore cz.movapp.app";
				SDKROOT = iphoneos;
				SWIFT_EMIT_LOC_STRINGS = YES;
				SWIFT_VERSION = 5.0;
				TARGETED_DEVICE_FAMILY = "1,2";
				VALIDATE_PRODUCT = YES;
			};
			name = Release;
		};
/* End XCBuildConfiguration section */

/* Begin XCConfigurationList section */
		B012799327F86954003FB72E /* Build configuration list for PBXProject "Movapp" */ = {
			isa = XCConfigurationList;
			buildConfigurations = (
				B01279AB27F86957003FB72E /* Debug */,
				B01279AC27F86957003FB72E /* Release */,
			);
			defaultConfigurationIsVisible = 0;
			defaultConfigurationName = Release;
		};
		B01279AD27F86957003FB72E /* Build configuration list for PBXNativeTarget "Movapp (iOS)" */ = {
			isa = XCConfigurationList;
			buildConfigurations = (
				B01279AE27F86957003FB72E /* Debug */,
				B01279AF27F86957003FB72E /* Release */,
			);
			defaultConfigurationIsVisible = 0;
			defaultConfigurationName = Release;
		};
/* End XCConfigurationList section */
	};
	rootObject = B012799027F86954003FB72E /* Project object */;
}
